
Microsoft Visual Studio Solution File, Format Version 12.00
# Visual Studio Version 16
VisualStudioVersion = 16.0.30711.63
MinimumVisualStudioVersion = 10.0.40219.1
Project("{FAE04EC0-301F-11D3-BF4B-00C04F79EFBC}") = "BusStation", "BusStation\BusStation.csproj", "{565A2659-7D38-4192-9938-D41BF18682ED}"
EndProject
Global
	GlobalSection(SolutionConfigurationPlatforms) = preSolution
		Debug|Any CPU = Debug|Any CPU
		Release|Any CPU = Release|Any CPU
	EndGlobalSection
	GlobalSection(ProjectConfigurationPlatforms) = postSolution
		{565A2659-7D38-4192-9938-D41BF18682ED}.Debug|Any CPU.ActiveCfg = Debug|Any CPU
		{565A2659-7D38-4192-9938-D41BF18682ED}.Debug|Any CPU.Build.0 = Debug|Any CPU
		{565A2659-7D38-4192-9938-D41BF18682ED}.Release|Any CPU.ActiveCfg = Release|Any CPU
		{565A2659-7D38-4192-9938-D41BF18682ED}.Release|Any CPU.Build.0 = Release|Any CPU
	EndGlobalSection
	GlobalSection(SolutionProperties) = preSolution
		HideSolutionNode = FALSE
	EndGlobalSection
	GlobalSection(ExtensibilityGlobals) = postSolution
		SolutionGuid = {29D01039-FAD2-4980-8519-DD58EAAB3D5A}
	EndGlobalSection
EndGlobal
