
Microsoft Visual Studio Solution File, Format Version 12.00
# Visual Studio Version 16
VisualStudioVersion = 16.0.30711.63
MinimumVisualStudioVersion = 10.0.40219.1
Project("{FAE04EC0-301F-11D3-BF4B-00C04F79EFBC}") = "DribNew", "DribNew\DribNew.csproj", "{DF3C190E-4439-4DF2-85CB-55B0F2EE4D2B}"
EndProject
Global
	GlobalSection(SolutionConfigurationPlatforms) = preSolution
		Debug|Any CPU = Debug|Any CPU
		Release|Any CPU = Release|Any CPU
	EndGlobalSection
	GlobalSection(ProjectConfigurationPlatforms) = postSolution
		{DF3C190E-4439-4DF2-85CB-55B0F2EE4D2B}.Debug|Any CPU.ActiveCfg = Debug|Any CPU
		{DF3C190E-4439-4DF2-85CB-55B0F2EE4D2B}.Debug|Any CPU.Build.0 = Debug|Any CPU
		{DF3C190E-4439-4DF2-85CB-55B0F2EE4D2B}.Release|Any CPU.ActiveCfg = Release|Any CPU
		{DF3C190E-4439-4DF2-85CB-55B0F2EE4D2B}.Release|Any CPU.Build.0 = Release|Any CPU
	EndGlobalSection
	GlobalSection(SolutionProperties) = preSolution
		HideSolutionNode = FALSE
	EndGlobalSection
	GlobalSection(ExtensibilityGlobals) = postSolution
		SolutionGuid = {22A1481F-B404-40B1-8A63-8C1B3397547F}
	EndGlobalSection
EndGlobal
