
Microsoft Visual Studio Solution File, Format Version 12.00
# Visual Studio Version 16
VisualStudioVersion = 16.0.30621.155
MinimumVisualStudioVersion = 10.0.40219.1
Project("{FAE04EC0-301F-11D3-BF4B-00C04F79EFBC}") = "Student", "Student\Student.csproj", "{31E8B85E-47B5-4DCD-9908-1BEC2A207641}"
EndProject
Global
	GlobalSection(SolutionConfigurationPlatforms) = preSolution
		Debug|Any CPU = Debug|Any CPU
		Release|Any CPU = Release|Any CPU
	EndGlobalSection
	GlobalSection(ProjectConfigurationPlatforms) = postSolution
		{31E8B85E-47B5-4DCD-9908-1BEC2A207641}.Debug|Any CPU.ActiveCfg = Debug|Any CPU
		{31E8B85E-47B5-4DCD-9908-1BEC2A207641}.Debug|Any CPU.Build.0 = Debug|Any CPU
		{31E8B85E-47B5-4DCD-9908-1BEC2A207641}.Release|Any CPU.ActiveCfg = Release|Any CPU
		{31E8B85E-47B5-4DCD-9908-1BEC2A207641}.Release|Any CPU.Build.0 = Release|Any CPU
	EndGlobalSection
	GlobalSection(SolutionProperties) = preSolution
		HideSolutionNode = FALSE
	EndGlobalSection
	GlobalSection(ExtensibilityGlobals) = postSolution
		SolutionGuid = {385053D3-E37D-4DB7-B0F7-2194B5C3B283}
	EndGlobalSection
EndGlobal
